
Microsoft Visual Studio Solution File, Format Version 12.00
# Visual Studio Version 17
VisualStudioVersion = 17.11.35312.102
MinimumVisualStudioVersion = 10.0.40219.1
Project("{9A19103F-16F7-4668-BE54-9A1E7A4F7556}") = "ChatServer", "ChatServer\ChatServer.csproj", "{BBB72465-3E74-4ED5-9E55-9091FD036EC6}"
EndProject
Project("{9A19103F-16F7-4668-BE54-9A1E7A4F7556}") = "ChatClient", "ChatClient\ChatClient.csproj", "{FE54BA30-1065-40FE-A9A1-DD7AF52FC0FE}"
EndProject
Global
	GlobalSection(SolutionConfigurationPlatforms) = preSolution
		Debug|Any CPU = Debug|Any CPU
		Release|Any CPU = Release|Any CPU
	EndGlobalSection
	GlobalSection(ProjectConfigurationPlatforms) = postSolution
		{BBB72465-3E74-4ED5-9E55-9091FD036EC6}.Debug|Any CPU.ActiveCfg = Debug|Any CPU
		{BBB72465-3E74-4ED5-9E55-9091FD036EC6}.Debug|Any CPU.Build.0 = Debug|Any CPU
		{BBB72465-3E74-4ED5-9E55-9091FD036EC6}.Release|Any CPU.ActiveCfg = Release|Any CPU
		{BBB72465-3E74-4ED5-9E55-9091FD036EC6}.Release|Any CPU.Build.0 = Release|Any CPU
		{FE54BA30-1065-40FE-A9A1-DD7AF52FC0FE}.Debug|Any CPU.ActiveCfg = Debug|Any CPU
		{FE54BA30-1065-40FE-A9A1-DD7AF52FC0FE}.Debug|Any CPU.Build.0 = Debug|Any CPU
		{FE54BA30-1065-40FE-A9A1-DD7AF52FC0FE}.Release|Any CPU.ActiveCfg = Release|Any CPU
		{FE54BA30-1065-40FE-A9A1-DD7AF52FC0FE}.Release|Any CPU.Build.0 = Release|Any CPU
	EndGlobalSection
	GlobalSection(SolutionProperties) = preSolution
		HideSolutionNode = FALSE
	EndGlobalSection
	GlobalSection(ExtensibilityGlobals) = postSolution
		SolutionGuid = {D280E122-1504-4F6D-B2B4-8FD9727D6F34}
	EndGlobalSection
EndGlobal
